
Microsoft Visual Studio Solution File, Format Version 12.00
# Visual Studio Version 16
VisualStudioVersion = 16.0.31205.134
MinimumVisualStudioVersion = 10.0.40219.1
Project("{FAE04EC0-301F-11D3-BF4B-00C04F79EFBC}") = "CoffeeHouse", "CoffeeHouse\CoffeeHouse.csproj", "{92B20A07-904B-425E-AF1E-0E1AB51CA82D}"
EndProject
Global
	GlobalSection(SolutionConfigurationPlatforms) = preSolution
		Debug|Any CPU = Debug|Any CPU
		Release|Any CPU = Release|Any CPU
	EndGlobalSection
	GlobalSection(ProjectConfigurationPlatforms) = postSolution
		{92B20A07-904B-425E-AF1E-0E1AB51CA82D}.Debug|Any CPU.ActiveCfg = Debug|Any CPU
		{92B20A07-904B-425E-AF1E-0E1AB51CA82D}.Debug|Any CPU.Build.0 = Debug|Any CPU
		{92B20A07-904B-425E-AF1E-0E1AB51CA82D}.Release|Any CPU.ActiveCfg = Release|Any CPU
		{92B20A07-904B-425E-AF1E-0E1AB51CA82D}.Release|Any CPU.Build.0 = Release|Any CPU
	EndGlobalSection
	GlobalSection(SolutionProperties) = preSolution
		HideSolutionNode = FALSE
	EndGlobalSection
	GlobalSection(ExtensibilityGlobals) = postSolution
		SolutionGuid = {70D707C5-45F0-4E89-B71D-96F4B62E5B24}
	EndGlobalSection
EndGlobal
