
Microsoft Visual Studio Solution File, Format Version 12.00
# Visual Studio Version 17
VisualStudioVersion = 17.0.31903.59
MinimumVisualStudioVersion = 10.0.40219.1
Project("{9A19103F-16F7-4668-BE54-9A1E7A4F7556}") = "ArtDesigner", "ArtDesigner\ArtDesigner.csproj", "{C40ABD2D-1228-4A60-B045-62760F86DD61}"
EndProject
Project("{9A19103F-16F7-4668-BE54-9A1E7A4F7556}") = "ArtDesignerTests", "ArtDesignerTests\ArtDesignerTests.csproj", "{5703A544-7E65-4636-AC8C-2DA3A124191E}"
EndProject
Global
	GlobalSection(SolutionConfigurationPlatforms) = preSolution
		Debug|Any CPU = Debug|Any CPU
		Debug|x64 = Debug|x64
		Release|Any CPU = Release|Any CPU
		Release|x64 = Release|x64
	EndGlobalSection
	GlobalSection(ProjectConfigurationPlatforms) = postSolution
		{C40ABD2D-1228-4A60-B045-62760F86DD61}.Debug|Any CPU.ActiveCfg = Debug|Any CPU
		{C40ABD2D-1228-4A60-B045-62760F86DD61}.Debug|Any CPU.Build.0 = Debug|Any CPU
		{C40ABD2D-1228-4A60-B045-62760F86DD61}.Debug|x64.ActiveCfg = Debug|x64
		{C40ABD2D-1228-4A60-B045-62760F86DD61}.Debug|x64.Build.0 = Debug|x64
		{C40ABD2D-1228-4A60-B045-62760F86DD61}.Release|Any CPU.ActiveCfg = Release|Any CPU
		{C40ABD2D-1228-4A60-B045-62760F86DD61}.Release|Any CPU.Build.0 = Release|Any CPU
		{C40ABD2D-1228-4A60-B045-62760F86DD61}.Release|x64.ActiveCfg = Release|x64
		{C40ABD2D-1228-4A60-B045-62760F86DD61}.Release|x64.Build.0 = Release|x64
		{5703A544-7E65-4636-AC8C-2DA3A124191E}.Debug|Any CPU.ActiveCfg = Debug|Any CPU
		{5703A544-7E65-4636-AC8C-2DA3A124191E}.Debug|Any CPU.Build.0 = Debug|Any CPU
		{5703A544-7E65-4636-AC8C-2DA3A124191E}.Debug|x64.ActiveCfg = Debug|x64
		{5703A544-7E65-4636-AC8C-2DA3A124191E}.Debug|x64.Build.0 = Debug|x64
		{5703A544-7E65-4636-AC8C-2DA3A124191E}.Release|Any CPU.ActiveCfg = Release|Any CPU
		{5703A544-7E65-4636-AC8C-2DA3A124191E}.Release|Any CPU.Build.0 = Release|Any CPU
		{5703A544-7E65-4636-AC8C-2DA3A124191E}.Release|x64.ActiveCfg = Release|x64
		{5703A544-7E65-4636-AC8C-2DA3A124191E}.Release|x64.Build.0 = Release|x64
	EndGlobalSection
	GlobalSection(SolutionProperties) = preSolution
		HideSolutionNode = FALSE
	EndGlobalSection
	GlobalSection(ExtensibilityGlobals) = postSolution
		SolutionGuid = {21985847-CC8B-4EAB-AA63-1910F4AB77D0}
	EndGlobalSection
EndGlobal
