
Microsoft Visual Studio Solution File, Format Version 12.00
# Visual Studio Version 16
VisualStudioVersion = 16.0.31205.134
MinimumVisualStudioVersion = 10.0.40219.1
Project("{FAE04EC0-301F-11D3-BF4B-00C04F79EFBC}") = "ArtDesigner", "ArtDesigner\ArtDesigner.csproj", "{36C15122-E029-4F75-8EDE-9DAB68240811}"
EndProject
Project("{FAE04EC0-301F-11D3-BF4B-00C04F79EFBC}") = "ArtDesignerTests", "ArtDesignerTests\ArtDesignerTests.csproj", "{BB710753-4B59-4E0E-9424-23FCAC32D08C}"
EndProject
Global
	GlobalSection(SolutionConfigurationPlatforms) = preSolution
		Debug|Any CPU = Debug|Any CPU
		Release|Any CPU = Release|Any CPU
	EndGlobalSection
	GlobalSection(ProjectConfigurationPlatforms) = postSolution
		{36C15122-E029-4F75-8EDE-9DAB68240811}.Debug|Any CPU.ActiveCfg = Debug|Any CPU
		{36C15122-E029-4F75-8EDE-9DAB68240811}.Debug|Any CPU.Build.0 = Debug|Any CPU
		{36C15122-E029-4F75-8EDE-9DAB68240811}.Release|Any CPU.ActiveCfg = Release|Any CPU
		{36C15122-E029-4F75-8EDE-9DAB68240811}.Release|Any CPU.Build.0 = Release|Any CPU
		{BB710753-4B59-4E0E-9424-23FCAC32D08C}.Debug|Any CPU.ActiveCfg = Debug|Any CPU
		{BB710753-4B59-4E0E-9424-23FCAC32D08C}.Debug|Any CPU.Build.0 = Debug|Any CPU
		{BB710753-4B59-4E0E-9424-23FCAC32D08C}.Release|Any CPU.ActiveCfg = Release|Any CPU
		{BB710753-4B59-4E0E-9424-23FCAC32D08C}.Release|Any CPU.Build.0 = Release|Any CPU
	EndGlobalSection
	GlobalSection(SolutionProperties) = preSolution
		HideSolutionNode = FALSE
	EndGlobalSection
	GlobalSection(ExtensibilityGlobals) = postSolution
		SolutionGuid = {A640160A-BDB6-4885-9D60-70C235869E2F}
	EndGlobalSection
EndGlobal
